
Microsoft Visual Studio Solution File, Format Version 12.00
# Visual Studio Version 17
VisualStudioVersion = 17.14.36203.30 d17.14
MinimumVisualStudioVersion = 10.0.40219.1
Project("{FAE04EC0-301F-11D3-BF4B-00C04F79EFBC}") = "MiniInventoryManagementSystem", "MiniInventoryManagementSystem.csproj", "{8CD3817A-BD01-4708-93C6-77B05CC443ED}"
EndProject
Global
	GlobalSection(SolutionConfigurationPlatforms) = preSolution
		Debug|Any CPU = Debug|Any CPU
		Release|Any CPU = Release|Any CPU
	EndGlobalSection
	GlobalSection(ProjectConfigurationPlatforms) = postSolution
		{8CD3817A-BD01-4708-93C6-77B05CC443ED}.Debug|Any CPU.ActiveCfg = Debug|Any CPU
		{8CD3817A-BD01-4708-93C6-77B05CC443ED}.Debug|Any CPU.Build.0 = Debug|Any CPU
		{8CD3817A-BD01-4708-93C6-77B05CC443ED}.Release|Any CPU.ActiveCfg = Release|Any CPU
		{8CD3817A-BD01-4708-93C6-77B05CC443ED}.Release|Any CPU.Build.0 = Release|Any CPU
	EndGlobalSection
	GlobalSection(SolutionProperties) = preSolution
		HideSolutionNode = FALSE
	EndGlobalSection
	GlobalSection(ExtensibilityGlobals) = postSolution
		SolutionGuid = {328DCE27-E81E-42EC-90F9-603292AF45FB}
	EndGlobalSection
EndGlobal
